
Microsoft Visual Studio Solution File, Format Version 12.00
# Visual Studio Version 17
VisualStudioVersion = 17.5.33502.453
MinimumVisualStudioVersion = 10.0.40219.1
Project("{FAE04EC0-301F-11D3-BF4B-00C04F79EFBC}") = "VitaLabManager", "VitaLabManager\VitaLabManager.csproj", "{A529F11D-9135-4596-96C2-B4CD06DB9994}"
EndProject
Project("{9A19103F-16F7-4668-BE54-9A1E7A4F7556}") = "VitaLabData", "..\VitLabData\VitLabData\VitaLabData.csproj", "{085D2707-277C-48C2-9E12-82540BCDE83C}"
EndProject
Global
	GlobalSection(SolutionConfigurationPlatforms) = preSolution
		Debug|Any CPU = Debug|Any CPU
		Release|Any CPU = Release|Any CPU
	EndGlobalSection
	GlobalSection(ProjectConfigurationPlatforms) = postSolution
		{A529F11D-9135-4596-96C2-B4CD06DB9994}.Debug|Any CPU.ActiveCfg = Debug|Any CPU
		{A529F11D-9135-4596-96C2-B4CD06DB9994}.Debug|Any CPU.Build.0 = Debug|Any CPU
		{A529F11D-9135-4596-96C2-B4CD06DB9994}.Release|Any CPU.ActiveCfg = Release|Any CPU
		{A529F11D-9135-4596-96C2-B4CD06DB9994}.Release|Any CPU.Build.0 = Release|Any CPU
		{085D2707-277C-48C2-9E12-82540BCDE83C}.Debug|Any CPU.ActiveCfg = Debug|Any CPU
		{085D2707-277C-48C2-9E12-82540BCDE83C}.Debug|Any CPU.Build.0 = Debug|Any CPU
		{085D2707-277C-48C2-9E12-82540BCDE83C}.Release|Any CPU.ActiveCfg = Release|Any CPU
		{085D2707-277C-48C2-9E12-82540BCDE83C}.Release|Any CPU.Build.0 = Release|Any CPU
	EndGlobalSection
	GlobalSection(SolutionProperties) = preSolution
		HideSolutionNode = FALSE
	EndGlobalSection
	GlobalSection(ExtensibilityGlobals) = postSolution
		SolutionGuid = {86AF1DBB-B36F-4E06-ACE3-40C9CB5FCFA0}
	EndGlobalSection
EndGlobal
